
Microsoft Visual Studio Solution File, Format Version 12.00
# Visual Studio Version 17
VisualStudioVersion = 17.4.33205.214
MinimumVisualStudioVersion = 10.0.40219.1
Project("{FAE04EC0-301F-11D3-BF4B-00C04F79EFBC}") = "LoveBooks", "LoveBooks\LoveBooks.csproj", "{0A1685BA-C346-49B8-88B1-B82C7B84DDDD}"
EndProject
Project("{2150E333-8FDC-42A3-9474-1A3956D46DE8}") = "Solution Items", "Solution Items", "{913D3AEC-6F3A-4D44-BFEC-42C329539B66}"
	ProjectSection(SolutionItems) = preProject
		.editorconfig = .editorconfig
	EndProjectSection
EndProject
Global
	GlobalSection(SolutionConfigurationPlatforms) = preSolution
		Debug|Any CPU = Debug|Any CPU
		Release|Any CPU = Release|Any CPU
	EndGlobalSection
	GlobalSection(ProjectConfigurationPlatforms) = postSolution
		{0A1685BA-C346-49B8-88B1-B82C7B84DDDD}.Debug|Any CPU.ActiveCfg = Debug|Any CPU
		{0A1685BA-C346-49B8-88B1-B82C7B84DDDD}.Debug|Any CPU.Build.0 = Debug|Any CPU
		{0A1685BA-C346-49B8-88B1-B82C7B84DDDD}.Release|Any CPU.ActiveCfg = Release|Any CPU
		{0A1685BA-C346-49B8-88B1-B82C7B84DDDD}.Release|Any CPU.Build.0 = Release|Any CPU
	EndGlobalSection
	GlobalSection(SolutionProperties) = preSolution
		HideSolutionNode = FALSE
	EndGlobalSection
	GlobalSection(ExtensibilityGlobals) = postSolution
		SolutionGuid = {505D04A6-51A9-4A3B-90DD-0229740799AA}
	EndGlobalSection
EndGlobal
